Microsoft Visual Studio Solution File, Format Version 7.00
Project("{8BC9CEB8-8B4A-11D0-8D11-00A0C91BC942}") = "xmlParser", "xmlParser.vcproj", "{DBAAD904-0649-44E7-B093-97618CC73574}"
EndProject
Project("{8BC9CEB8-8B4A-11D0-8D11-00A0C91BC942}") = "xmlParserUnicode", "xmlParserUnicode.vcproj", "{B42BCBC5-D858-45DD-87F1-DDBBC9F77BCD}"
EndProject
Global
	GlobalSection(SolutionConfiguration) = preSolution
		ConfigName.0 = Debug
		ConfigName.1 = Release
	EndGlobalSection
	GlobalSection(ProjectDependencies) = postSolution
	EndGlobalSection
	GlobalSection(ProjectConfiguration) = postSolution
		{DBAAD904-0649-44E7-B093-97618CC73574}.Debug.ActiveCfg = Debug|Win32
		{DBAAD904-0649-44E7-B093-97618CC73574}.Debug.Build.0 = Debug|Win32
		{DBAAD904-0649-44E7-B093-97618CC73574}.Release.ActiveCfg = Release|Win32
		{DBAAD904-0649-44E7-B093-97618CC73574}.Release.Build.0 = Release|Win32
		{B42BCBC5-D858-45DD-87F1-DDBBC9F77BCD}.Debug.ActiveCfg = Debug|Win32
		{B42BCBC5-D858-45DD-87F1-DDBBC9F77BCD}.Debug.Build.0 = Debug|Win32
		{B42BCBC5-D858-45DD-87F1-DDBBC9F77BCD}.Release.ActiveCfg = Release|Win32
		{B42BCBC5-D858-45DD-87F1-DDBBC9F77BCD}.Release.Build.0 = Release|Win32
	EndGlobalSection
	GlobalSection(ExtensibilityGlobals) = postSolution
	EndGlobalSection
	GlobalSection(ExtensibilityAddIns) = postSolution
	EndGlobalSection
EndGlobal
